
Microsoft Visual Studio Solution File, Format Version 12.00
# Visual Studio Version 16
VisualStudioVersion = 16.0.29709.97
MinimumVisualStudioVersion = 10.0.40219.1
Project("{FAE04EC0-301F-11D3-BF4B-00C04F79EFBC}") = "Exercise5", "Exercise5.csproj", "{875A0A10-BC1A-4A9F-A788-0EF4651FE50B}"
EndProject
Global
	GlobalSection(SolutionConfigurationPlatforms) = preSolution
		Debug|Any CPU = Debug|Any CPU
		Release|Any CPU = Release|Any CPU
	EndGlobalSection
	GlobalSection(ProjectConfigurationPlatforms) = postSolution
		{875A0A10-BC1A-4A9F-A788-0EF4651FE50B}.Debug|Any CPU.ActiveCfg = Debug|Any CPU
		{875A0A10-BC1A-4A9F-A788-0EF4651FE50B}.Debug|Any CPU.Build.0 = Debug|Any CPU
		{875A0A10-BC1A-4A9F-A788-0EF4651FE50B}.Release|Any CPU.ActiveCfg = Release|Any CPU
		{875A0A10-BC1A-4A9F-A788-0EF4651FE50B}.Release|Any CPU.Build.0 = Release|Any CPU
	EndGlobalSection
	GlobalSection(SolutionProperties) = preSolution
		HideSolutionNode = FALSE
	EndGlobalSection
	GlobalSection(ExtensibilityGlobals) = postSolution
		SolutionGuid = {27F611DA-91A7-4150-81E3-0971DBFA7609}
	EndGlobalSection
EndGlobal
